// !$*UTF8*$!
{
	archiveVersion = 1;
	classes = {
	};
	objectVersion = 77;
	objects = {

/* Begin PBXBuildFile section */
		004D456BDD00E2D84704FFB1 /* OverlayWindowManager.swift in Sources */ = {isa = PBXBuildFile; fileRef = BC7DF2A45C83EEEB5311D32C /* OverlayWindowManager.swift */; };
		0279695EF91DCDC24826B215 /* MainView.swift in Sources */ = {isa = PBXBuildFile; fileRef = A4AE8FB828131DBAD4606967 /* MainView.swift */; };
		11752ED9064C2BEBEE5FA0B5 /* SectionStyle.swift in Sources */ = {isa = PBXBuildFile; fileRef = 3EE217C215932D77C643D8A1 /* SectionStyle.swift */; };
		276A87CF06E0CA3E994F3864 /* AppDelegate.swift in Sources */ = {isa = PBXBuildFile; fileRef = 7E4FC0749878402B9BA59FAE /* AppDelegate.swift */; };
		313088999E51BB72D4444A6B /* Assets.xcassets in Resources */ = {isa = PBXBuildFile; fileRef = 0BB98C5F6F39DC14F2E308EF /* Assets.xcassets */; };
		3A4EB0D10EA867C2DF317570 /* cli in Resources */ = {isa = PBXBuildFile; fileRef = BDD262F9AD412414AF3B605E /* cli */; };
		3C286A0E56971B011AE534E9 /* LogView.swift in Sources */ = {isa = PBXBuildFile; fileRef = 5356F84374E22DF845F12019 /* LogView.swift */; };
		40AF8A5D5946674DD4BBC1E8 /* MenuBarView.swift in Sources */ = {isa = PBXBuildFile; fileRef = CA1651340AD81D55FF78AC15 /* MenuBarView.swift */; };
		80A5034F653769FBDC977B9B /* DontBeAFKApp.swift in Sources */ = {isa = PBXBuildFile; fileRef = 0A36F4F2F21AB8C9907DB9EC /* DontBeAFKApp.swift */; };
		92132DAFADAB49CABFEA6F00 /* HelpComponents.swift in Sources */ = {isa = PBXBuildFile; fileRef = B6090992437CC933CB8CD319 /* HelpComponents.swift */; };
		93B3675E965A8751BC8278E4 /* HelpContentView.swift in Sources */ = {isa = PBXBuildFile; fileRef = 5A17457253ACE7A795CDC09F /* HelpContentView.swift */; };
		BC03B0F41CA8587D8E335EC7 /* ScriptController.swift in Sources */ = {isa = PBXBuildFile; fileRef = 15D9E78C07EE1F22585A6313 /* ScriptController.swift */; };
		BD68170A86098CA1DDAD5C8E /* OverlayView.swift in Sources */ = {isa = PBXBuildFile; fileRef = 4E4D18F61AAD6D75F6F8C2C0 /* OverlayView.swift */; };
		C31ED2D46C4813F71C21B6B2 /* MenuComponents.swift in Sources */ = {isa = PBXBuildFile; fileRef = EEDFD88DD24497B98AF487D6 /* MenuComponents.swift */; };
		D891E4EE3AFECA6EFCC747C6 /* HelpWindow.swift in Sources */ = {isa = PBXBuildFile; fileRef = 3831F1A794422814DF2762F5 /* HelpWindow.swift */; };
/* End PBXBuildFile section */

/* Begin PBXFileReference section */
		0A36F4F2F21AB8C9907DB9EC /* DontBeAFKApp.swift */ = {isa = PBXFileReference; lastKnownFileType = sourcecode.swift; path = DontBeAFKApp.swift; sourceTree = "<group>"; };
		0BB98C5F6F39DC14F2E308EF /* Assets.xcassets */ = {isa = PBXFileReference; lastKnownFileType = folder; name = Assets.xcassets; path = DontBeAFK/Assets.xcassets; sourceTree = SOURCE_ROOT; };
		15D9E78C07EE1F22585A6313 /* ScriptController.swift */ = {isa = PBXFileReference; lastKnownFileType = sourcecode.swift; path = ScriptController.swift; sourceTree = "<group>"; };
		3831F1A794422814DF2762F5 /* HelpWindow.swift */ = {isa = PBXFileReference; lastKnownFileType = sourcecode.swift; path = HelpWindow.swift; sourceTree = "<group>"; };
		3EE217C215932D77C643D8A1 /* SectionStyle.swift */ = {isa = PBXFileReference; lastKnownFileType = sourcecode.swift; path = SectionStyle.swift; sourceTree = "<group>"; };
		4E4D18F61AAD6D75F6F8C2C0 /* OverlayView.swift */ = {isa = PBXFileReference; lastKnownFileType = sourcecode.swift; path = OverlayView.swift; sourceTree = "<group>"; };
		4F4F149BF3D98CEA4F8EA304 /* DontBeAFK.app */ = {isa = PBXFileReference; explicitFileType = wrapper.application; includeInIndex = 0; path = DontBeAFK.app; sourceTree = BUILT_PRODUCTS_DIR; };
		5356F84374E22DF845F12019 /* LogView.swift */ = {isa = PBXFileReference; lastKnownFileType = sourcecode.swift; path = LogView.swift; sourceTree = "<group>"; };
		5A17457253ACE7A795CDC09F /* HelpContentView.swift */ = {isa = PBXFileReference; lastKnownFileType = sourcecode.swift; path = HelpContentView.swift; sourceTree = "<group>"; };
		7E4FC0749878402B9BA59FAE /* AppDelegate.swift */ = {isa = PBXFileReference; lastKnownFileType = sourcecode.swift; path = AppDelegate.swift; sourceTree = "<group>"; };
		A4AE8FB828131DBAD4606967 /* MainView.swift */ = {isa = PBXFileReference; lastKnownFileType = sourcecode.swift; path = MainView.swift; sourceTree = "<group>"; };
		B6090992437CC933CB8CD319 /* HelpComponents.swift */ = {isa = PBXFileReference; lastKnownFileType = sourcecode.swift; path = HelpComponents.swift; sourceTree = "<group>"; };
		BC7DF2A45C83EEEB5311D32C /* OverlayWindowManager.swift */ = {isa = PBXFileReference; lastKnownFileType = sourcecode.swift; path = OverlayWindowManager.swift; sourceTree = "<group>"; };
		BDD262F9AD412414AF3B605E /* cli */ = {isa = PBXFileReference; lastKnownFileType = folder; name = cli; path = ../cli; sourceTree = SOURCE_ROOT; };
		CA1651340AD81D55FF78AC15 /* MenuBarView.swift */ = {isa = PBXFileReference; lastKnownFileType = sourcecode.swift; path = MenuBarView.swift; sourceTree = "<group>"; };
		EEDFD88DD24497B98AF487D6 /* MenuComponents.swift */ = {isa = PBXFileReference; lastKnownFileType = sourcecode.swift; path = MenuComponents.swift; sourceTree = "<group>"; };
/* End PBXFileReference section */

/* Begin PBXGroup section */
		019CF60A1C5124952500C86A /* Overlay */ = {
			isa = PBXGroup;
			children = (
				4E4D18F61AAD6D75F6F8C2C0 /* OverlayView.swift */,
				BC7DF2A45C83EEEB5311D32C /* OverlayWindowManager.swift */,
			);
			path = Overlay;
			sourceTree = "<group>";
		};
		1807760EDB8828F8EC91EC51 /* Components */ = {
			isa = PBXGroup;
			children = (
				B6090992437CC933CB8CD319 /* HelpComponents.swift */,
				EEDFD88DD24497B98AF487D6 /* MenuComponents.swift */,
				3EE217C215932D77C643D8A1 /* SectionStyle.swift */,
			);
			path = Components;
			sourceTree = "<group>";
		};
		66F7DF2B1F2476EBDF52A2C0 = {
			isa = PBXGroup;
			children = (
				0BB98C5F6F39DC14F2E308EF /* Assets.xcassets */,
				BDD262F9AD412414AF3B605E /* cli */,
				FDA8F5EA3B1A429174C4FC9F /* DontBeAFK */,
				6743C4682E1E99352A7878F1 /* Products */,
			);
			sourceTree = "<group>";
		};
		6743C4682E1E99352A7878F1 /* Products */ = {
			isa = PBXGroup;
			children = (
				4F4F149BF3D98CEA4F8EA304 /* DontBeAFK.app */,
			);
			name = Products;
			sourceTree = "<group>";
		};
		7019CC4DE76491B79EC60F55 /* Help */ = {
			isa = PBXGroup;
			children = (
				5A17457253ACE7A795CDC09F /* HelpContentView.swift */,
				3831F1A794422814DF2762F5 /* HelpWindow.swift */,
			);
			path = Help;
			sourceTree = "<group>";
		};
		8906DB10D71B2B9A1E630584 /* App */ = {
			isa = PBXGroup;
			children = (
				7E4FC0749878402B9BA59FAE /* AppDelegate.swift */,
				0A36F4F2F21AB8C9907DB9EC /* DontBeAFKApp.swift */,
			);
			path = App;
			sourceTree = "<group>";
		};
		AEE8C6496A2FC57C5377F19F /* Views */ = {
			isa = PBXGroup;
			children = (
				5356F84374E22DF845F12019 /* LogView.swift */,
				A4AE8FB828131DBAD4606967 /* MainView.swift */,
				CA1651340AD81D55FF78AC15 /* MenuBarView.swift */,
				7019CC4DE76491B79EC60F55 /* Help */,
			);
			path = Views;
			sourceTree = "<group>";
		};
		B267D2235BB02D268C6CA6E1 /* Controllers */ = {
			isa = PBXGroup;
			children = (
				15D9E78C07EE1F22585A6313 /* ScriptController.swift */,
			);
			path = Controllers;
			sourceTree = "<group>";
		};
		FDA8F5EA3B1A429174C4FC9F /* DontBeAFK */ = {
			isa = PBXGroup;
			children = (
				8906DB10D71B2B9A1E630584 /* App */,
				1807760EDB8828F8EC91EC51 /* Components */,
				B267D2235BB02D268C6CA6E1 /* Controllers */,
				019CF60A1C5124952500C86A /* Overlay */,
				AEE8C6496A2FC57C5377F19F /* Views */,
			);
			path = DontBeAFK;
			sourceTree = "<group>";
		};
/* End PBXGroup section */

/* Begin PBXNativeTarget section */
		53D12A2FEBB407DF1759060D /* DontBeAFK */ = {
			isa = PBXNativeTarget;
			buildConfigurationList = D5568BED5896884779361CD2 /* Build configuration list for PBXNativeTarget "DontBeAFK" */;
			buildPhases = (
				D5DC598B6577B26E0B176688 /* Set Version from Git Tag */,
				FF9E7C858532CA563CA435AB /* Sources */,
				592BC86F1184C2EA1DEA91CF /* Resources */,
			);
			buildRules = (
			);
			dependencies = (
			);
			name = DontBeAFK;
			packageProductDependencies = (
			);
			productName = DontBeAFK;
			productReference = 4F4F149BF3D98CEA4F8EA304 /* DontBeAFK.app */;
			productType = "com.apple.product-type.application";
		};
/* End PBXNativeTarget section */

/* Begin PBXProject section */
		4657AC19732476D980E3DF62 /* Project object */ = {
			isa = PBXProject;
			attributes = {
				BuildIndependentTargetsInParallel = YES;
				LastUpgradeCheck = 1400;
				TargetAttributes = {
					53D12A2FEBB407DF1759060D = {
						ProvisioningStyle = Automatic;
					};
				};
			};
			buildConfigurationList = 574A6707F5EB8B54D3F47991 /* Build configuration list for PBXProject "DontBeAFK" */;
			compatibilityVersion = "Xcode 14.0";
			developmentRegion = en;
			hasScannedForEncodings = 0;
			knownRegions = (
				Base,
				en,
			);
			mainGroup = 66F7DF2B1F2476EBDF52A2C0;
			minimizedProjectReferenceProxies = 1;
			preferredProjectObjectVersion = 77;
			projectDirPath = "";
			projectRoot = "";
			targets = (
				53D12A2FEBB407DF1759060D /* DontBeAFK */,
			);
		};
/* End PBXProject section */

/* Begin PBXResourcesBuildPhase section */
		592BC86F1184C2EA1DEA91CF /* Resources */ = {
			isa = PBXResourcesBuildPhase;
			buildActionMask = 2147483647;
			files = (
				313088999E51BB72D4444A6B /* Assets.xcassets in Resources */,
				3A4EB0D10EA867C2DF317570 /* cli in Resources */,
			);
			runOnlyForDeploymentPostprocessing = 0;
		};
/* End PBXResourcesBuildPhase section */

/* Begin PBXShellScriptBuildPhase section */
		D5DC598B6577B26E0B176688 /* Set Version from Git Tag */ = {
			isa = PBXShellScriptBuildPhase;
			alwaysOutOfDate = 1;
			buildActionMask = 2147483647;
			files = (
			);
			inputFileListPaths = (
			);
			inputPaths = (
			);
			name = "Set Version from Git Tag";
			outputFileListPaths = (
			);
			outputPaths = (
			);
			runOnlyForDeploymentPostprocessing = 0;
			shellPath = /bin/sh;
			shellScript = "# Get the latest git tag (e.g., v1.2.3 or 1.2.3)\nGIT_TAG=$(git describe --tags --abbrev=0 2>/dev/null || echo \"\")\n\n# Remove 'v' prefix if present\nVERSION=\"${GIT_TAG#v}\"\n\n# Default version if no tag found\nif [ -z \"$VERSION\" ]; then\n  VERSION=\"1.0.0\"\nfi\n\n# Get commit count for build number\nCOMMIT_COUNT=$(git rev-list --count HEAD 2>/dev/null || echo \"1\")\n\n# Update build settings\n/usr/libexec/PlistBuddy -c \"Set :CFBundleShortVersionString $VERSION\" \"${TARGET_BUILD_DIR}/${INFOPLIST_PATH}\" 2>/dev/null || true\n/usr/libexec/PlistBuddy -c \"Set :CFBundleVersion $COMMIT_COUNT\" \"${TARGET_BUILD_DIR}/${INFOPLIST_PATH}\" 2>/dev/null || true\n\necho \"Version set to: $VERSION (Build $COMMIT_COUNT)\"\n";
		};
/* End PBXShellScriptBuildPhase section */

/* Begin PBXSourcesBuildPhase section */
		FF9E7C858532CA563CA435AB /* Sources */ = {
			isa = PBXSourcesBuildPhase;
			buildActionMask = 2147483647;
			files = (
				276A87CF06E0CA3E994F3864 /* AppDelegate.swift in Sources */,
				80A5034F653769FBDC977B9B /* DontBeAFKApp.swift in Sources */,
				92132DAFADAB49CABFEA6F00 /* HelpComponents.swift in Sources */,
				93B3675E965A8751BC8278E4 /* HelpContentView.swift in Sources */,
				D891E4EE3AFECA6EFCC747C6 /* HelpWindow.swift in Sources */,
				3C286A0E56971B011AE534E9 /* LogView.swift in Sources */,
				0279695EF91DCDC24826B215 /* MainView.swift in Sources */,
				40AF8A5D5946674DD4BBC1E8 /* MenuBarView.swift in Sources */,
				C31ED2D46C4813F71C21B6B2 /* MenuComponents.swift in Sources */,
				BD68170A86098CA1DDAD5C8E /* OverlayView.swift in Sources */,
				004D456BDD00E2D84704FFB1 /* OverlayWindowManager.swift in Sources */,
				BC03B0F41CA8587D8E335EC7 /* ScriptController.swift in Sources */,
				11752ED9064C2BEBEE5FA0B5 /* SectionStyle.swift in Sources */,
			);
			runOnlyForDeploymentPostprocessing = 0;
		};
/* End PBXSourcesBuildPhase section */

/* Begin XCBuildConfiguration section */
		6986E82FC01C8FDED3598D81 /* Release */ = {
			isa = XCBuildConfiguration;
			buildSettings = {
				ASSETCATALOG_COMPILER_APPICON_NAME = AppIcon;
				ASSETCATALOG_COMPILER_GLOBAL_ACCENT_COLOR_NAME = AccentColor;
				CODE_SIGN_ENTITLEMENTS = DontBeAFK/DontBeAFK.entitlements;
				CODE_SIGN_STYLE = Automatic;
				COMBINE_HIDPI_IMAGES = YES;
				CURRENT_PROJECT_VERSION = 1;
				ENABLE_PREVIEWS = YES;
				GENERATE_INFOPLIST_FILE = NO;
				INFOPLIST_FILE = DontBeAFK/Info.plist;
				INFOPLIST_KEY_NSHumanReadableCopyright = "";
				LD_RUNPATH_SEARCH_PATHS = (
					"$(inherited)",
					"@executable_path/../Frameworks",
				);
				MACOSX_DEPLOYMENT_TARGET = 13.0;
				MARKETING_VERSION = 1.0.0;
				PRODUCT_BUNDLE_IDENTIFIER = com.dontbeafk.app;
				PRODUCT_NAME = "Don't Be AFK";
				SDKROOT = macosx;
				SWIFT_VERSION = 5.0;
			};
			name = Release;
		};
		A42474B5B3E58C8C747E1FE8 /* Debug */ = {
			isa = XCBuildConfiguration;
			buildSettings = {
				ASSETCATALOG_COMPILER_APPICON_NAME = AppIcon;
				ASSETCATALOG_COMPILER_GLOBAL_ACCENT_COLOR_NAME = AccentColor;
				CODE_SIGN_ENTITLEMENTS = DontBeAFK/DontBeAFK.entitlements;
				CODE_SIGN_STYLE = Automatic;
				COMBINE_HIDPI_IMAGES = YES;
				CURRENT_PROJECT_VERSION = 1;
				ENABLE_PREVIEWS = YES;
				GENERATE_INFOPLIST_FILE = NO;
				INFOPLIST_FILE = DontBeAFK/Info.plist;
				INFOPLIST_KEY_NSHumanReadableCopyright = "";
				LD_RUNPATH_SEARCH_PATHS = (
					"$(inherited)",
					"@executable_path/../Frameworks",
				);
				MACOSX_DEPLOYMENT_TARGET = 13.0;
				MARKETING_VERSION = 1.0.0;
				PRODUCT_BUNDLE_IDENTIFIER = com.dontbeafk.app;
				PRODUCT_NAME = "Don't Be AFK";
				SDKROOT = macosx;
				SWIFT_VERSION = 5.0;
			};
			name = Debug;
		};
		B70B1E712D0B8FF7270F3EE7 /* Release */ = {
			isa = XCBuildConfiguration;
			buildSettings = {
				ALWAYS_SEARCH_USER_PATHS = NO;
				CLANG_ANALYZER_NONNULL = YES;
				CLANG_ANALYZER_NUMBER_OBJECT_CONVERSION = YES_AGGRESSIVE;
				CLANG_CXX_LANGUAGE_STANDARD = "gnu++14";
				CLANG_CXX_LIBRARY = "libc++";
				CLANG_ENABLE_MODULES = YES;
				CLANG_ENABLE_OBJC_ARC = YES;
				CLANG_ENABLE_OBJC_WEAK = YES;
				CLANG_WARN_BLOCK_CAPTURE_AUTORELEASING = YES;
				CLANG_WARN_BOOL_CONVERSION = YES;
				CLANG_WARN_COMMA = YES;
				CLANG_WARN_CONSTANT_CONVERSION = YES;
				CLANG_WARN_DEPRECATED_OBJC_IMPLEMENTATIONS = YES;
				CLANG_WARN_DIRECT_OBJC_ISA_USAGE = YES_ERROR;
				CLANG_WARN_DOCUMENTATION_COMMENTS = YES;
				CLANG_WARN_EMPTY_BODY = YES;
				CLANG_WARN_ENUM_CONVERSION = YES;
				CLANG_WARN_INFINITE_RECURSION = YES;
				CLANG_WARN_INT_CONVERSION = YES;
				CLANG_WARN_NON_LITERAL_NULL_CONVERSION = YES;
				CLANG_WARN_OBJC_IMPLICIT_RETAIN_SELF = YES;
				CLANG_WARN_OBJC_LITERAL_CONVERSION = YES;
				CLANG_WARN_OBJC_ROOT_CLASS = YES_ERROR;
				CLANG_WARN_QUOTED_INCLUDE_IN_FRAMEWORK_HEADER = YES;
				CLANG_WARN_RANGE_LOOP_ANALYSIS = YES;
				CLANG_WARN_STRICT_PROTOTYPES = YES;
				CLANG_WARN_SUSPICIOUS_MOVE = YES;
				CLANG_WARN_UNGUARDED_AVAILABILITY = YES_AGGRESSIVE;
				CLANG_WARN_UNREACHABLE_CODE = YES;
				CLANG_WARN__DUPLICATE_METHOD_MATCH = YES;
				COPY_PHASE_STRIP = NO;
				DEBUG_INFORMATION_FORMAT = "dwarf-with-dsym";
				ENABLE_NS_ASSERTIONS = NO;
				ENABLE_STRICT_OBJC_MSGSEND = YES;
				GCC_C_LANGUAGE_STANDARD = gnu11;
				GCC_NO_COMMON_BLOCKS = YES;
				GCC_WARN_64_TO_32_BIT_CONVERSION = YES;
				GCC_WARN_ABOUT_RETURN_TYPE = YES_ERROR;
				GCC_WARN_UNDECLARED_SELECTOR = YES;
				GCC_WARN_UNINITIALIZED_AUTOS = YES_AGGRESSIVE;
				GCC_WARN_UNUSED_FUNCTION = YES;
				GCC_WARN_UNUSED_VARIABLE = YES;
				MACOSX_DEPLOYMENT_TARGET = 13.0;
				MTL_ENABLE_DEBUG_INFO = NO;
				MTL_FAST_MATH = YES;
				PRODUCT_NAME = "$(TARGET_NAME)";
				SDKROOT = macosx;
				SWIFT_COMPILATION_MODE = wholemodule;
				SWIFT_OPTIMIZATION_LEVEL = "-O";
				SWIFT_VERSION = 5.0;
			};
			name = Release;
		};
		C903234C3466B980E96B00E7 /* Debug */ = {
			isa = XCBuildConfiguration;
			buildSettings = {
				ALWAYS_SEARCH_USER_PATHS = NO;
				CLANG_ANALYZER_NONNULL = YES;
				CLANG_ANALYZER_NUMBER_OBJECT_CONVERSION = YES_AGGRESSIVE;
				CLANG_CXX_LANGUAGE_STANDARD = "gnu++14";
				CLANG_CXX_LIBRARY = "libc++";
				CLANG_ENABLE_MODULES = YES;
				CLANG_ENABLE_OBJC_ARC = YES;
				CLANG_ENABLE_OBJC_WEAK = YES;
				CLANG_WARN_BLOCK_CAPTURE_AUTORELEASING = YES;
				CLANG_WARN_BOOL_CONVERSION = YES;
				CLANG_WARN_COMMA = YES;
				CLANG_WARN_CONSTANT_CONVERSION = YES;
				CLANG_WARN_DEPRECATED_OBJC_IMPLEMENTATIONS = YES;
				CLANG_WARN_DIRECT_OBJC_ISA_USAGE = YES_ERROR;
				CLANG_WARN_DOCUMENTATION_COMMENTS = YES;
				CLANG_WARN_EMPTY_BODY = YES;
				CLANG_WARN_ENUM_CONVERSION = YES;
				CLANG_WARN_INFINITE_RECURSION = YES;
				CLANG_WARN_INT_CONVERSION = YES;
				CLANG_WARN_NON_LITERAL_NULL_CONVERSION = YES;
				CLANG_WARN_OBJC_IMPLICIT_RETAIN_SELF = YES;
				CLANG_WARN_OBJC_LITERAL_CONVERSION = YES;
				CLANG_WARN_OBJC_ROOT_CLASS = YES_ERROR;
				CLANG_WARN_QUOTED_INCLUDE_IN_FRAMEWORK_HEADER = YES;
				CLANG_WARN_RANGE_LOOP_ANALYSIS = YES;
				CLANG_WARN_STRICT_PROTOTYPES = YES;
				CLANG_WARN_SUSPICIOUS_MOVE = YES;
				CLANG_WARN_UNGUARDED_AVAILABILITY = YES_AGGRESSIVE;
				CLANG_WARN_UNREACHABLE_CODE = YES;
				CLANG_WARN__DUPLICATE_METHOD_MATCH = YES;
				COPY_PHASE_STRIP = NO;
				DEBUG_INFORMATION_FORMAT = dwarf;
				ENABLE_STRICT_OBJC_MSGSEND = YES;
				ENABLE_TESTABILITY = YES;
				GCC_C_LANGUAGE_STANDARD = gnu11;
				GCC_DYNAMIC_NO_PIC = NO;
				GCC_NO_COMMON_BLOCKS = YES;
				GCC_OPTIMIZATION_LEVEL = 0;
				GCC_PREPROCESSOR_DEFINITIONS = (
					"$(inherited)",
					"DEBUG=1",
				);
				GCC_WARN_64_TO_32_BIT_CONVERSION = YES;
				GCC_WARN_ABOUT_RETURN_TYPE = YES_ERROR;
				GCC_WARN_UNDECLARED_SELECTOR = YES;
				GCC_WARN_UNINITIALIZED_AUTOS = YES_AGGRESSIVE;
				GCC_WARN_UNUSED_FUNCTION = YES;
				GCC_WARN_UNUSED_VARIABLE = YES;
				MACOSX_DEPLOYMENT_TARGET = 13.0;
				MTL_ENABLE_DEBUG_INFO = INCLUDE_SOURCE;
				MTL_FAST_MATH = YES;
				ONLY_ACTIVE_ARCH = YES;
				PRODUCT_NAME = "$(TARGET_NAME)";
				SDKROOT = macosx;
				SWIFT_ACTIVE_COMPILATION_CONDITIONS = DEBUG;
				SWIFT_OPTIMIZATION_LEVEL = "-Onone";
				SWIFT_VERSION = 5.0;
			};
			name = Debug;
		};
/* End XCBuildConfiguration section */

/* Begin XCConfigurationList section */
		574A6707F5EB8B54D3F47991 /* Build configuration list for PBXProject "DontBeAFK" */ = {
			isa = XCConfigurationList;
			buildConfigurations = (
				C903234C3466B980E96B00E7 /* Debug */,
				B70B1E712D0B8FF7270F3EE7 /* Release */,
			);
			defaultConfigurationIsVisible = 0;
			defaultConfigurationName = Debug;
		};
		D5568BED5896884779361CD2 /* Build configuration list for PBXNativeTarget "DontBeAFK" */ = {
			isa = XCConfigurationList;
			buildConfigurations = (
				A42474B5B3E58C8C747E1FE8 /* Debug */,
				6986E82FC01C8FDED3598D81 /* Release */,
			);
			defaultConfigurationIsVisible = 0;
			defaultConfigurationName = Debug;
		};
/* End XCConfigurationList section */
	};
	rootObject = 4657AC19732476D980E3DF62 /* Project object */;
}
